
Microsoft Visual Studio Solution File, Format Version 12.00
# Visual Studio Version 16
VisualStudioVersion = 16.0.30104.148
MinimumVisualStudioVersion = 10.0.40219.1
Project("{FAE04EC0-301F-11D3-BF4B-00C04F79EFBC}") = "BaseBotLib", "BaseBotLib\BaseBotLib.csproj", "{B4AE368B-F3E4-4079-AA54-D62933706544}"
EndProject
Global
	GlobalSection(SolutionConfigurationPlatforms) = preSolution
		Debug|Any CPU = Debug|Any CPU
		Release|Any CPU = Release|Any CPU
	EndGlobalSection
	GlobalSection(ProjectConfigurationPlatforms) = postSolution
		{B4AE368B-F3E4-4079-AA54-D62933706544}.Debug|Any CPU.ActiveCfg = Debug|Any CPU
		{B4AE368B-F3E4-4079-AA54-D62933706544}.Debug|Any CPU.Build.0 = Debug|Any CPU
		{B4AE368B-F3E4-4079-AA54-D62933706544}.Release|Any CPU.ActiveCfg = Release|Any CPU
		{B4AE368B-F3E4-4079-AA54-D62933706544}.Release|Any CPU.Build.0 = Release|Any CPU
	EndGlobalSection
	GlobalSection(SolutionProperties) = preSolution
		HideSolutionNode = FALSE
	EndGlobalSection
	GlobalSection(ExtensibilityGlobals) = postSolution
		SolutionGuid = {CD0E04B8-A6F1-49A2-94D9-3C051D414DC5}
	EndGlobalSection
EndGlobal
